// !$*UTF8*$!
{
	archiveVersion = 1;
	classes = {
	};
	objectVersion = 50;
	objects = {

/* Begin PBXBuildFile section */
		7225BB2225E17B2D0009E92F /* ViewGenerator.swift in Sources */ = {isa = PBXBuildFile; fileRef = 7225BB2125E17B2D0009E92F /* ViewGenerator.swift */; };
		7225BB2325E17B2D0009E92F /* ViewGenerator.swift in Sources */ = {isa = PBXBuildFile; fileRef = 7225BB2125E17B2D0009E92F /* ViewGenerator.swift */; };
		7288A1CC25DEB7B800FF8BA4 /* Combine_PracticeApp.swift in Sources */ = {isa = PBXBuildFile; fileRef = 7288A1B925DEB7B500FF8BA4 /* Combine_PracticeApp.swift */; };
		7288A1CD25DEB7B800FF8BA4 /* Combine_PracticeApp.swift in Sources */ = {isa = PBXBuildFile; fileRef = 7288A1B925DEB7B500FF8BA4 /* Combine_PracticeApp.swift */; };
		7288A1CE25DEB7B800FF8BA4 /* ContentView.swift in Sources */ = {isa = PBXBuildFile; fileRef = 7288A1BA25DEB7B500FF8BA4 /* ContentView.swift */; };
		7288A1CF25DEB7B800FF8BA4 /* ContentView.swift in Sources */ = {isa = PBXBuildFile; fileRef = 7288A1BA25DEB7B500FF8BA4 /* ContentView.swift */; };
		7288A1D025DEB7B800FF8BA4 /* Assets.xcassets in Resources */ = {isa = PBXBuildFile; fileRef = 7288A1BB25DEB7B800FF8BA4 /* Assets.xcassets */; };
		7288A1D125DEB7B800FF8BA4 /* Assets.xcassets in Resources */ = {isa = PBXBuildFile; fileRef = 7288A1BB25DEB7B800FF8BA4 /* Assets.xcassets */; };
		7288A1DD25DEB84E00FF8BA4 /* NumberGenerator.swift in Sources */ = {isa = PBXBuildFile; fileRef = 7288A1DC25DEB84E00FF8BA4 /* NumberGenerator.swift */; };
		7288A1DE25DEB84E00FF8BA4 /* NumberGenerator.swift in Sources */ = {isa = PBXBuildFile; fileRef = 7288A1DC25DEB84E00FF8BA4 /* NumberGenerator.swift */; };
		7288A1E225DEBBAC00FF8BA4 /* PipelineManager.swift in Sources */ = {isa = PBXBuildFile; fileRef = 7288A1E125DEBBAC00FF8BA4 /* PipelineManager.swift */; };
		7288A1E325DEBBAC00FF8BA4 /* PipelineManager.swift in Sources */ = {isa = PBXBuildFile; fileRef = 7288A1E125DEBBAC00FF8BA4 /* PipelineManager.swift */; };
		7288A1E725DF168800FF8BA4 /* CirclePipeline.swift in Sources */ = {isa = PBXBuildFile; fileRef = 7288A1E625DF168800FF8BA4 /* CirclePipeline.swift */; };
		7288A1E825DF168800FF8BA4 /* CirclePipeline.swift in Sources */ = {isa = PBXBuildFile; fileRef = 7288A1E625DF168800FF8BA4 /* CirclePipeline.swift */; };
		7288A1EC25DF2A3D00FF8BA4 /* CircleView.swift in Sources */ = {isa = PBXBuildFile; fileRef = 7288A1EB25DF2A3D00FF8BA4 /* CircleView.swift */; };
		7288A1ED25DF2A3D00FF8BA4 /* CircleView.swift in Sources */ = {isa = PBXBuildFile; fileRef = 7288A1EB25DF2A3D00FF8BA4 /* CircleView.swift */; };
/* End PBXBuildFile section */

/* Begin PBXFileReference section */
		7225BB2125E17B2D0009E92F /* ViewGenerator.swift */ = {isa = PBXFileReference; lastKnownFileType = sourcecode.swift; path = ViewGenerator.swift; sourceTree = "<group>"; };
		7288A1B925DEB7B500FF8BA4 /* Combine_PracticeApp.swift */ = {isa = PBXFileReference; lastKnownFileType = sourcecode.swift; path = Combine_PracticeApp.swift; sourceTree = "<group>"; };
		7288A1BA25DEB7B500FF8BA4 /* ContentView.swift */ = {isa = PBXFileReference; lastKnownFileType = sourcecode.swift; path = ContentView.swift; sourceTree = "<group>"; };
		7288A1BB25DEB7B800FF8BA4 /* Assets.xcassets */ = {isa = PBXFileReference; lastKnownFileType = folder.assetcatalog; path = Assets.xcassets; sourceTree = "<group>"; };
		7288A1C025DEB7B800FF8BA4 /* Combine Practice.app */ = {isa = PBXFileReference; explicitFileType = wrapper.application; includeInIndex = 0; path = "Combine Practice.app"; sourceTree = BUILT_PRODUCTS_DIR; };
		7288A1C325DEB7B800FF8BA4 /* Info.plist */ = {isa = PBXFileReference; lastKnownFileType = text.plist.xml; path = Info.plist; sourceTree = "<group>"; };
		7288A1C825DEB7B800FF8BA4 /* Combine Practice.app */ = {isa = PBXFileReference; explicitFileType = wrapper.application; includeInIndex = 0; path = "Combine Practice.app"; sourceTree = BUILT_PRODUCTS_DIR; };
		7288A1CA25DEB7B800FF8BA4 /* Info.plist */ = {isa = PBXFileReference; lastKnownFileType = text.plist.xml; path = Info.plist; sourceTree = "<group>"; };
		7288A1CB25DEB7B800FF8BA4 /* macOS.entitlements */ = {isa = PBXFileReference; lastKnownFileType = text.plist.entitlements; path = macOS.entitlements; sourceTree = "<group>"; };
		7288A1DC25DEB84E00FF8BA4 /* NumberGenerator.swift */ = {isa = PBXFileReference; lastKnownFileType = sourcecode.swift; path = NumberGenerator.swift; sourceTree = "<group>"; };
		7288A1E125DEBBAC00FF8BA4 /* PipelineManager.swift */ = {isa = PBXFileReference; lastKnownFileType = sourcecode.swift; path = PipelineManager.swift; sourceTree = "<group>"; };
		7288A1E625DF168800FF8BA4 /* CirclePipeline.swift */ = {isa = PBXFileReference; lastKnownFileType = sourcecode.swift; path = CirclePipeline.swift; sourceTree = "<group>"; };
		7288A1EB25DF2A3D00FF8BA4 /* CircleView.swift */ = {isa = PBXFileReference; lastKnownFileType = sourcecode.swift; path = CircleView.swift; sourceTree = "<group>"; };
/* End PBXFileReference section */

/* Begin PBXFrameworksBuildPhase section */
		7288A1BD25DEB7B800FF8BA4 /* Frameworks */ = {
			isa = PBXFrameworksBuildPhase;
			buildActionMask = 2147483647;
			files = (
			);
			runOnlyForDeploymentPostprocessing = 0;
		};
		7288A1C525DEB7B800FF8BA4 /* Frameworks */ = {
			isa = PBXFrameworksBuildPhase;
			buildActionMask = 2147483647;
			files = (
			);
			runOnlyForDeploymentPostprocessing = 0;
		};
/* End PBXFrameworksBuildPhase section */

/* Begin PBXGroup section */
		7288A1B325DEB7B400FF8BA4 = {
			isa = PBXGroup;
			children = (
				7288A1B825DEB7B500FF8BA4 /* Shared */,
				7288A1C225DEB7B800FF8BA4 /* iOS */,
				7288A1C925DEB7B800FF8BA4 /* macOS */,
				7288A1C125DEB7B800FF8BA4 /* Products */,
			);
			sourceTree = "<group>";
		};
		7288A1B825DEB7B500FF8BA4 /* Shared */ = {
			isa = PBXGroup;
			children = (
				7288A1B925DEB7B500FF8BA4 /* Combine_PracticeApp.swift */,
				7288A1BA25DEB7B500FF8BA4 /* ContentView.swift */,
				7288A1DC25DEB84E00FF8BA4 /* NumberGenerator.swift */,
				7288A1E125DEBBAC00FF8BA4 /* PipelineManager.swift */,
				7288A1E625DF168800FF8BA4 /* CirclePipeline.swift */,
				7288A1EB25DF2A3D00FF8BA4 /* CircleView.swift */,
				7225BB2125E17B2D0009E92F /* ViewGenerator.swift */,
				7288A1BB25DEB7B800FF8BA4 /* Assets.xcassets */,
			);
			path = Shared;
			sourceTree = "<group>";
		};
		7288A1C125DEB7B800FF8BA4 /* Products */ = {
			isa = PBXGroup;
			children = (
				7288A1C025DEB7B800FF8BA4 /* Combine Practice.app */,
				7288A1C825DEB7B800FF8BA4 /* Combine Practice.app */,
			);
			name = Products;
			sourceTree = "<group>";
		};
		7288A1C225DEB7B800FF8BA4 /* iOS */ = {
			isa = PBXGroup;
			children = (
				7288A1C325DEB7B800FF8BA4 /* Info.plist */,
			);
			path = iOS;
			sourceTree = "<group>";
		};
		7288A1C925DEB7B800FF8BA4 /* macOS */ = {
			isa = PBXGroup;
			children = (
				7288A1CA25DEB7B800FF8BA4 /* Info.plist */,
				7288A1CB25DEB7B800FF8BA4 /* macOS.entitlements */,
			);
			path = macOS;
			sourceTree = "<group>";
		};
/* End PBXGroup section */

/* Begin PBXNativeTarget section */
		7288A1BF25DEB7B800FF8BA4 /* Combine Practice (iOS) */ = {
			isa = PBXNativeTarget;
			buildConfigurationList = 7288A1D425DEB7B800FF8BA4 /* Build configuration list for PBXNativeTarget "Combine Practice (iOS)" */;
			buildPhases = (
				7288A1BC25DEB7B800FF8BA4 /* Sources */,
				7288A1BD25DEB7B800FF8BA4 /* Frameworks */,
				7288A1BE25DEB7B800FF8BA4 /* Resources */,
			);
			buildRules = (
			);
			dependencies = (
			);
			name = "Combine Practice (iOS)";
			productName = "Combine Practice (iOS)";
			productReference = 7288A1C025DEB7B800FF8BA4 /* Combine Practice.app */;
			productType = "com.apple.product-type.application";
		};
		7288A1C725DEB7B800FF8BA4 /* Combine Practice (macOS) */ = {
			isa = PBXNativeTarget;
			buildConfigurationList = 7288A1D725DEB7B800FF8BA4 /* Build configuration list for PBXNativeTarget "Combine Practice (macOS)" */;
			buildPhases = (
				7288A1C425DEB7B800FF8BA4 /* Sources */,
				7288A1C525DEB7B800FF8BA4 /* Frameworks */,
				7288A1C625DEB7B800FF8BA4 /* Resources */,
			);
			buildRules = (
			);
			dependencies = (
			);
			name = "Combine Practice (macOS)";
			productName = "Combine Practice (macOS)";
			productReference = 7288A1C825DEB7B800FF8BA4 /* Combine Practice.app */;
			productType = "com.apple.product-type.application";
		};
/* End PBXNativeTarget section */

/* Begin PBXProject section */
		7288A1B425DEB7B400FF8BA4 /* Project object */ = {
			isa = PBXProject;
			attributes = {
				LastSwiftUpdateCheck = 1240;
				LastUpgradeCheck = 1240;
				TargetAttributes = {
					7288A1BF25DEB7B800FF8BA4 = {
						CreatedOnToolsVersion = 12.4;
					};
					7288A1C725DEB7B800FF8BA4 = {
						CreatedOnToolsVersion = 12.4;
					};
				};
			};
			buildConfigurationList = 7288A1B725DEB7B400FF8BA4 /* Build configuration list for PBXProject "Combine Practice" */;
			compatibilityVersion = "Xcode 9.3";
			developmentRegion = en;
			hasScannedForEncodings = 0;
			knownRegions = (
				en,
				Base,
			);
			mainGroup = 7288A1B325DEB7B400FF8BA4;
			productRefGroup = 7288A1C125DEB7B800FF8BA4 /* Products */;
			projectDirPath = "";
			projectRoot = "";
			targets = (
				7288A1BF25DEB7B800FF8BA4 /* Combine Practice (iOS) */,
				7288A1C725DEB7B800FF8BA4 /* Combine Practice (macOS) */,
			);
		};
/* End PBXProject section */

/* Begin PBXResourcesBuildPhase section */
		7288A1BE25DEB7B800FF8BA4 /* Resources */ = {
			isa = PBXResourcesBuildPhase;
			buildActionMask = 2147483647;
			files = (
				7288A1D025DEB7B800FF8BA4 /* Assets.xcassets in Resources */,
			);
			runOnlyForDeploymentPostprocessing = 0;
		};
		7288A1C625DEB7B800FF8BA4 /* Resources */ = {
			isa = PBXResourcesBuildPhase;
			buildActionMask = 2147483647;
			files = (
				7288A1D125DEB7B800FF8BA4 /* Assets.xcassets in Resources */,
			);
			runOnlyForDeploymentPostprocessing = 0;
		};
/* End PBXResourcesBuildPhase section */

/* Begin PBXSourcesBuildPhase section */
		7288A1BC25DEB7B800FF8BA4 /* Sources */ = {
			isa = PBXSourcesBuildPhase;
			buildActionMask = 2147483647;
			files = (
				7288A1EC25DF2A3D00FF8BA4 /* CircleView.swift in Sources */,
				7288A1E725DF168800FF8BA4 /* CirclePipeline.swift in Sources */,
				7288A1CE25DEB7B800FF8BA4 /* ContentView.swift in Sources */,
				7288A1E225DEBBAC00FF8BA4 /* PipelineManager.swift in Sources */,
				7225BB2225E17B2D0009E92F /* ViewGenerator.swift in Sources */,
				7288A1DD25DEB84E00FF8BA4 /* NumberGenerator.swift in Sources */,
				7288A1CC25DEB7B800FF8BA4 /* Combine_PracticeApp.swift in Sources */,
			);
			runOnlyForDeploymentPostprocessing = 0;
		};
		7288A1C425DEB7B800FF8BA4 /* Sources */ = {
			isa = PBXSourcesBuildPhase;
			buildActionMask = 2147483647;
			files = (
				7288A1ED25DF2A3D00FF8BA4 /* CircleView.swift in Sources */,
				7288A1E825DF168800FF8BA4 /* CirclePipeline.swift in Sources */,
				7288A1CF25DEB7B800FF8BA4 /* ContentView.swift in Sources */,
				7288A1E325DEBBAC00FF8BA4 /* PipelineManager.swift in Sources */,
				7225BB2325E17B2D0009E92F /* ViewGenerator.swift in Sources */,
				7288A1DE25DEB84E00FF8BA4 /* NumberGenerator.swift in Sources */,
				7288A1CD25DEB7B800FF8BA4 /* Combine_PracticeApp.swift in Sources */,
			);
			runOnlyForDeploymentPostprocessing = 0;
		};
/* End PBXSourcesBuildPhase section */

/* Begin XCBuildConfiguration section */
		7288A1D225DEB7B800FF8BA4 /* Debug */ = {
			isa = XCBuildConfiguration;
			buildSettings = {
				ALWAYS_SEARCH_USER_PATHS = NO;
				CLANG_ANALYZER_NONNULL = YES;
				CLANG_ANALYZER_NUMBER_OBJECT_CONVERSION = YES_AGGRESSIVE;
				CLANG_CXX_LANGUAGE_STANDARD = "gnu++14";
				CLANG_CXX_LIBRARY = "libc++";
				CLANG_ENABLE_MODULES = YES;
				CLANG_ENABLE_OBJC_ARC = YES;
				CLANG_ENABLE_OBJC_WEAK = YES;
				CLANG_WARN_BLOCK_CAPTURE_AUTORELEASING = YES;
				CLANG_WARN_BOOL_CONVERSION = YES;
				CLANG_WARN_COMMA = YES;
				CLANG_WARN_CONSTANT_CONVERSION = YES;
				CLANG_WARN_DEPRECATED_OBJC_IMPLEMENTATIONS = YES;
				CLANG_WARN_DIRECT_OBJC_ISA_USAGE = YES_ERROR;
				CLANG_WARN_DOCUMENTATION_COMMENTS = YES;
				CLANG_WARN_EMPTY_BODY = YES;
				CLANG_WARN_ENUM_CONVERSION = YES;
				CLANG_WARN_INFINITE_RECURSION = YES;
				CLANG_WARN_INT_CONVERSION = YES;
				CLANG_WARN_NON_LITERAL_NULL_CONVERSION = YES;
				CLANG_WARN_OBJC_IMPLICIT_RETAIN_SELF = YES;
				CLANG_WARN_OBJC_LITERAL_CONVERSION = YES;
				CLANG_WARN_OBJC_ROOT_CLASS = YES_ERROR;
				CLANG_WARN_QUOTED_INCLUDE_IN_FRAMEWORK_HEADER = YES;
				CLANG_WARN_RANGE_LOOP_ANALYSIS = YES;
				CLANG_WARN_STRICT_PROTOTYPES = YES;
				CLANG_WARN_SUSPICIOUS_MOVE = YES;
				CLANG_WARN_UNGUARDED_AVAILABILITY = YES_AGGRESSIVE;
				CLANG_WARN_UNREACHABLE_CODE = YES;
				CLANG_WARN__DUPLICATE_METHOD_MATCH = YES;
				COPY_PHASE_STRIP = NO;
				DEBUG_INFORMATION_FORMAT = dwarf;
				ENABLE_STRICT_OBJC_MSGSEND = YES;
				ENABLE_TESTABILITY = YES;
				GCC_C_LANGUAGE_STANDARD = gnu11;
				GCC_DYNAMIC_NO_PIC = NO;
				GCC_NO_COMMON_BLOCKS = YES;
				GCC_OPTIMIZATION_LEVEL = 0;
				GCC_PREPROCESSOR_DEFINITIONS = (
					"DEBUG=1",
					"$(inherited)",
				);
				GCC_WARN_64_TO_32_BIT_CONVERSION = YES;
				GCC_WARN_ABOUT_RETURN_TYPE = YES_ERROR;
				GCC_WARN_UNDECLARED_SELECTOR = YES;
				GCC_WARN_UNINITIALIZED_AUTOS = YES_AGGRESSIVE;
				GCC_WARN_UNUSED_FUNCTION = YES;
				GCC_WARN_UNUSED_VARIABLE = YES;
				MTL_ENABLE_DEBUG_INFO = INCLUDE_SOURCE;
				MTL_FAST_MATH = YES;
				ONLY_ACTIVE_ARCH = YES;
				SWIFT_ACTIVE_COMPILATION_CONDITIONS = DEBUG;
				SWIFT_OPTIMIZATION_LEVEL = "-Onone";
			};
			name = Debug;
		};
		7288A1D325DEB7B800FF8BA4 /* Release */ = {
			isa = XCBuildConfiguration;
			buildSettings = {
				ALWAYS_SEARCH_USER_PATHS = NO;
				CLANG_ANALYZER_NONNULL = YES;
				CLANG_ANALYZER_NUMBER_OBJECT_CONVERSION = YES_AGGRESSIVE;
				CLANG_CXX_LANGUAGE_STANDARD = "gnu++14";
				CLANG_CXX_LIBRARY = "libc++";
				CLANG_ENABLE_MODULES = YES;
				CLANG_ENABLE_OBJC_ARC = YES;
				CLANG_ENABLE_OBJC_WEAK = YES;
				CLANG_WARN_BLOCK_CAPTURE_AUTORELEASING = YES;
				CLANG_WARN_BOOL_CONVERSION = YES;
				CLANG_WARN_COMMA = YES;
				CLANG_WARN_CONSTANT_CONVERSION = YES;
				CLANG_WARN_DEPRECATED_OBJC_IMPLEMENTATIONS = YES;
				CLANG_WARN_DIRECT_OBJC_ISA_USAGE = YES_ERROR;
				CLANG_WARN_DOCUMENTATION_COMMENTS = YES;
				CLANG_WARN_EMPTY_BODY = YES;
				CLANG_WARN_ENUM_CONVERSION = YES;
				CLANG_WARN_INFINITE_RECURSION = YES;
				CLANG_WARN_INT_CONVERSION = YES;
				CLANG_WARN_NON_LITERAL_NULL_CONVERSION = YES;
				CLANG_WARN_OBJC_IMPLICIT_RETAIN_SELF = YES;
				CLANG_WARN_OBJC_LITERAL_CONVERSION = YES;
				CLANG_WARN_OBJC_ROOT_CLASS = YES_ERROR;
				CLANG_WARN_QUOTED_INCLUDE_IN_FRAMEWORK_HEADER = YES;
				CLANG_WARN_RANGE_LOOP_ANALYSIS = YES;
				CLANG_WARN_STRICT_PROTOTYPES = YES;
				CLANG_WARN_SUSPICIOUS_MOVE = YES;
				CLANG_WARN_UNGUARDED_AVAILABILITY = YES_AGGRESSIVE;
				CLANG_WARN_UNREACHABLE_CODE = YES;
				CLANG_WARN__DUPLICATE_METHOD_MATCH = YES;
				COPY_PHASE_STRIP = NO;
				DEBUG_INFORMATION_FORMAT = "dwarf-with-dsym";
				ENABLE_NS_ASSERTIONS = NO;
				ENABLE_STRICT_OBJC_MSGSEND = YES;
				GCC_C_LANGUAGE_STANDARD = gnu11;
				GCC_NO_COMMON_BLOCKS = YES;
				GCC_WARN_64_TO_32_BIT_CONVERSION = YES;
				GCC_WARN_ABOUT_RETURN_TYPE = YES_ERROR;
				GCC_WARN_UNDECLARED_SELECTOR = YES;
				GCC_WARN_UNINITIALIZED_AUTOS = YES_AGGRESSIVE;
				GCC_WARN_UNUSED_FUNCTION = YES;
				GCC_WARN_UNUSED_VARIABLE = YES;
				MTL_ENABLE_DEBUG_INFO = NO;
				MTL_FAST_MATH = YES;
				SWIFT_COMPILATION_MODE = wholemodule;
				SWIFT_OPTIMIZATION_LEVEL = "-O";
			};
			name = Release;
		};
		7288A1D525DEB7B800FF8BA4 /* Debug */ = {
			isa = XCBuildConfiguration;
			buildSettings = {
				ASSETCATALOG_COMPILER_APPICON_NAME = AppIcon;
				ASSETCATALOG_COMPILER_GLOBAL_ACCENT_COLOR_NAME = AccentColor;
				CODE_SIGN_STYLE = Automatic;
				DEVELOPMENT_TEAM = BNDA9Y6YV9;
				ENABLE_PREVIEWS = YES;
				INFOPLIST_FILE = iOS/Info.plist;
				IPHONEOS_DEPLOYMENT_TARGET = 14.0;
				LD_RUNPATH_SEARCH_PATHS = (
					"$(inherited)",
					"@executable_path/Frameworks",
				);
				PRODUCT_BUNDLE_IDENTIFIER = "com.JPEnterprises.Combine-Practice";
				PRODUCT_NAME = "Combine Practice";
				SDKROOT = iphoneos;
				SWIFT_VERSION = 5.0;
				TARGETED_DEVICE_FAMILY = "1,2";
			};
			name = Debug;
		};
		7288A1D625DEB7B800FF8BA4 /* Release */ = {
			isa = XCBuildConfiguration;
			buildSettings = {
				ASSETCATALOG_COMPILER_APPICON_NAME = AppIcon;
				ASSETCATALOG_COMPILER_GLOBAL_ACCENT_COLOR_NAME = AccentColor;
				CODE_SIGN_STYLE = Automatic;
				DEVELOPMENT_TEAM = BNDA9Y6YV9;
				ENABLE_PREVIEWS = YES;
				INFOPLIST_FILE = iOS/Info.plist;
				IPHONEOS_DEPLOYMENT_TARGET = 14.0;
				LD_RUNPATH_SEARCH_PATHS = (
					"$(inherited)",
					"@executable_path/Frameworks",
				);
				PRODUCT_BUNDLE_IDENTIFIER = "com.JPEnterprises.Combine-Practice";
				PRODUCT_NAME = "Combine Practice";
				SDKROOT = iphoneos;
				SWIFT_VERSION = 5.0;
				TARGETED_DEVICE_FAMILY = "1,2";
				VALIDATE_PRODUCT = YES;
			};
			name = Release;
		};
		7288A1D825DEB7B800FF8BA4 /* Debug */ = {
			isa = XCBuildConfiguration;
			buildSettings = {
				ASSETCATALOG_COMPILER_APPICON_NAME = AppIcon;
				ASSETCATALOG_COMPILER_GLOBAL_ACCENT_COLOR_NAME = AccentColor;
				CODE_SIGN_ENTITLEMENTS = macOS/macOS.entitlements;
				CODE_SIGN_STYLE = Automatic;
				COMBINE_HIDPI_IMAGES = YES;
				DEVELOPMENT_TEAM = BNDA9Y6YV9;
				ENABLE_HARDENED_RUNTIME = YES;
				ENABLE_PREVIEWS = YES;
				INFOPLIST_FILE = macOS/Info.plist;
				LD_RUNPATH_SEARCH_PATHS = (
					"$(inherited)",
					"@executable_path/../Frameworks",
				);
				MACOSX_DEPLOYMENT_TARGET = 11.0;
				PRODUCT_BUNDLE_IDENTIFIER = "com.JPEnterprises.Combine-Practice";
				PRODUCT_NAME = "Combine Practice";
				SDKROOT = macosx;
				SWIFT_VERSION = 5.0;
			};
			name = Debug;
		};
		7288A1D925DEB7B800FF8BA4 /* Release */ = {
			isa = XCBuildConfiguration;
			buildSettings = {
				ASSETCATALOG_COMPILER_APPICON_NAME = AppIcon;
				ASSETCATALOG_COMPILER_GLOBAL_ACCENT_COLOR_NAME = AccentColor;
				CODE_SIGN_ENTITLEMENTS = macOS/macOS.entitlements;
				CODE_SIGN_STYLE = Automatic;
				COMBINE_HIDPI_IMAGES = YES;
				DEVELOPMENT_TEAM = BNDA9Y6YV9;
				ENABLE_HARDENED_RUNTIME = YES;
				ENABLE_PREVIEWS = YES;
				INFOPLIST_FILE = macOS/Info.plist;
				LD_RUNPATH_SEARCH_PATHS = (
					"$(inherited)",
					"@executable_path/../Frameworks",
				);
				MACOSX_DEPLOYMENT_TARGET = 11.0;
				PRODUCT_BUNDLE_IDENTIFIER = "com.JPEnterprises.Combine-Practice";
				PRODUCT_NAME = "Combine Practice";
				SDKROOT = macosx;
				SWIFT_VERSION = 5.0;
			};
			name = Release;
		};
/* End XCBuildConfiguration section */

/* Begin XCConfigurationList section */
		7288A1B725DEB7B400FF8BA4 /* Build configuration list for PBXProject "Combine Practice" */ = {
			isa = XCConfigurationList;
			buildConfigurations = (
				7288A1D225DEB7B800FF8BA4 /* Debug */,
				7288A1D325DEB7B800FF8BA4 /* Release */,
			);
			defaultConfigurationIsVisible = 0;
			defaultConfigurationName = Release;
		};
		7288A1D425DEB7B800FF8BA4 /* Build configuration list for PBXNativeTarget "Combine Practice (iOS)" */ = {
			isa = XCConfigurationList;
			buildConfigurations = (
				7288A1D525DEB7B800FF8BA4 /* Debug */,
				7288A1D625DEB7B800FF8BA4 /* Release */,
			);
			defaultConfigurationIsVisible = 0;
			defaultConfigurationName = Release;
		};
		7288A1D725DEB7B800FF8BA4 /* Build configuration list for PBXNativeTarget "Combine Practice (macOS)" */ = {
			isa = XCConfigurationList;
			buildConfigurations = (
				7288A1D825DEB7B800FF8BA4 /* Debug */,
				7288A1D925DEB7B800FF8BA4 /* Release */,
			);
			defaultConfigurationIsVisible = 0;
			defaultConfigurationName = Release;
		};
/* End XCConfigurationList section */
	};
	rootObject = 7288A1B425DEB7B400FF8BA4 /* Project object */;
}
